// !$*UTF8*$!
{
	archiveVersion = 1;
	classes = {
	};
	objectVersion = 46;
	objects = {

/* Begin PBXBuildFile section */
		324AAC7E1C476B8400C73EAC /* AppDelegate.swift in Sources */ = {isa = PBXBuildFile; fileRef = 324AAC7D1C476B8400C73EAC /* AppDelegate.swift */; };
		324AAC801C476B8400C73EAC /* ViewController.swift in Sources */ = {isa = PBXBuildFile; fileRef = 324AAC7F1C476B8400C73EAC /* ViewController.swift */; };
		324AAC821C476B8400C73EAC /* Assets.xcassets in Resources */ = {isa = PBXBuildFile; fileRef = 324AAC811C476B8400C73EAC /* Assets.xcassets */; };
		324AAC851C476B8400C73EAC /* Main.storyboard in Resources */ = {isa = PBXBuildFile; fileRef = 324AAC831C476B8400C73EAC /* Main.storyboard */; };
		324AAC8D1C476B9200C73EAC /* WifiManager.swift in Sources */ = {isa = PBXBuildFile; fileRef = 324AAC8C1C476B9200C73EAC /* WifiManager.swift */; };
		324AAC8F1C478FCC00C73EAC /* SettingsManager.swift in Sources */ = {isa = PBXBuildFile; fileRef = 324AAC8E1C478FCC00C73EAC /* SettingsManager.swift */; };
/* End PBXBuildFile section */

/* Begin PBXFileReference section */
		324AAC7A1C476B8400C73EAC /* Asgard.app */ = {isa = PBXFileReference; explicitFileType = wrapper.application; includeInIndex = 0; path = Asgard.app; sourceTree = BUILT_PRODUCTS_DIR; };
		324AAC7D1C476B8400C73EAC /* AppDelegate.swift */ = {isa = PBXFileReference; lastKnownFileType = sourcecode.swift; path = AppDelegate.swift; sourceTree = "<group>"; };
		324AAC7F1C476B8400C73EAC /* ViewController.swift */ = {isa = PBXFileReference; lastKnownFileType = sourcecode.swift; path = ViewController.swift; sourceTree = "<group>"; };
		324AAC811C476B8400C73EAC /* Assets.xcassets */ = {isa = PBXFileReference; lastKnownFileType = folder.assetcatalog; path = Assets.xcassets; sourceTree = "<group>"; };
		324AAC841C476B8400C73EAC /* Base */ = {isa = PBXFileReference; lastKnownFileType = file.storyboard; name = Base; path = Base.lproj/Main.storyboard; sourceTree = "<group>"; };
		324AAC861C476B8400C73EAC /* Info.plist */ = {isa = PBXFileReference; lastKnownFileType = text.plist.xml; path = Info.plist; sourceTree = "<group>"; };
		324AAC8C1C476B9200C73EAC /* WifiManager.swift */ = {isa = PBXFileReference; fileEncoding = 4; lastKnownFileType = sourcecode.swift; path = WifiManager.swift; sourceTree = "<group>"; };
		324AAC8E1C478FCC00C73EAC /* SettingsManager.swift */ = {isa = PBXFileReference; fileEncoding = 4; lastKnownFileType = sourcecode.swift; path = SettingsManager.swift; sourceTree = "<group>"; };
/* End PBXFileReference section */

/* Begin PBXFrameworksBuildPhase section */
		324AAC771C476B8400C73EAC /* Frameworks */ = {
			isa = PBXFrameworksBuildPhase;
			buildActionMask = 2147483647;
			files = (
			);
			runOnlyForDeploymentPostprocessing = 0;
		};
/* End PBXFrameworksBuildPhase section */

/* Begin PBXGroup section */
		324AAC711C476B8400C73EAC = {
			isa = PBXGroup;
			children = (
				324AAC7C1C476B8400C73EAC /* Asgard */,
				324AAC7B1C476B8400C73EAC /* Products */,
			);
			sourceTree = "<group>";
		};
		324AAC7B1C476B8400C73EAC /* Products */ = {
			isa = PBXGroup;
			children = (
				324AAC7A1C476B8400C73EAC /* Asgard.app */,
			);
			name = Products;
			sourceTree = "<group>";
		};
		324AAC7C1C476B8400C73EAC /* Asgard */ = {
			isa = PBXGroup;
			children = (
				324AAC7D1C476B8400C73EAC /* AppDelegate.swift */,
				324AAC7F1C476B8400C73EAC /* ViewController.swift */,
				324AAC8C1C476B9200C73EAC /* WifiManager.swift */,
				324AAC8E1C478FCC00C73EAC /* SettingsManager.swift */,
				324AAC811C476B8400C73EAC /* Assets.xcassets */,
				324AAC831C476B8400C73EAC /* Main.storyboard */,
				324AAC861C476B8400C73EAC /* Info.plist */,
			);
			path = Asgard;
			sourceTree = "<group>";
		};
/* End PBXGroup section */

/* Begin PBXNativeTarget section */
		324AAC791C476B8400C73EAC /* Asgard */ = {
			isa = PBXNativeTarget;
			buildConfigurationList = 324AAC891C476B8400C73EAC /* Build configuration list for PBXNativeTarget "Asgard" */;
			buildPhases = (
				324AAC761C476B8400C73EAC /* Sources */,
				324AAC771C476B8400C73EAC /* Frameworks */,
				324AAC781C476B8400C73EAC /* Resources */,
			);
			buildRules = (
			);
			dependencies = (
			);
			name = Asgard;
			productName = Asgard;
			productReference = 324AAC7A1C476B8400C73EAC /* Asgard.app */;
			productType = "com.apple.product-type.application";
		};
/* End PBXNativeTarget section */

/* Begin PBXProject section */
		324AAC721C476B8400C73EAC /* Project object */ = {
			isa = PBXProject;
			attributes = {
				LastSwiftUpdateCheck = 0720;
				LastUpgradeCheck = 0820;
				ORGANIZATIONNAME = "Cameron Ehrlich";
				TargetAttributes = {
					324AAC791C476B8400C73EAC = {
						CreatedOnToolsVersion = 7.2;
						LastSwiftMigration = 0820;
					};
				};
			};
			buildConfigurationList = 324AAC751C476B8400C73EAC /* Build configuration list for PBXProject "Asgard" */;
			compatibilityVersion = "Xcode 3.2";
			developmentRegion = English;
			hasScannedForEncodings = 0;
			knownRegions = (
				en,
				Base,
			);
			mainGroup = 324AAC711C476B8400C73EAC;
			productRefGroup = 324AAC7B1C476B8400C73EAC /* Products */;
			projectDirPath = "";
			projectRoot = "";
			targets = (
				324AAC791C476B8400C73EAC /* Asgard */,
			);
		};
/* End PBXProject section */

/* Begin PBXResourcesBuildPhase section */
		324AAC781C476B8400C73EAC /* Resources */ = {
			isa = PBXResourcesBuildPhase;
			buildActionMask = 2147483647;
			files = (
				324AAC821C476B8400C73EAC /* Assets.xcassets in Resources */,
				324AAC851C476B8400C73EAC /* Main.storyboard in Resources */,
			);
			runOnlyForDeploymentPostprocessing = 0;
		};
/* End PBXResourcesBuildPhase section */

/* Begin PBXSourcesBuildPhase section */
		324AAC761C476B8400C73EAC /* Sources */ = {
			isa = PBXSourcesBuildPhase;
			buildActionMask = 2147483647;
			files = (
				324AAC8F1C478FCC00C73EAC /* SettingsManager.swift in Sources */,
				324AAC8D1C476B9200C73EAC /* WifiManager.swift in Sources */,
				324AAC801C476B8400C73EAC /* ViewController.swift in Sources */,
				324AAC7E1C476B8400C73EAC /* AppDelegate.swift in Sources */,
			);
			runOnlyForDeploymentPostprocessing = 0;
		};
/* End PBXSourcesBuildPhase section */

/* Begin PBXVariantGroup section */
		324AAC831C476B8400C73EAC /* Main.storyboard */ = {
			isa = PBXVariantGroup;
			children = (
				324AAC841C476B8400C73EAC /* Base */,
			);
			name = Main.storyboard;
			sourceTree = "<group>";
		};
/* End PBXVariantGroup section */

/* Begin XCBuildConfiguration section */
		324AAC871C476B8400C73EAC /* Debug */ = {
			isa = XCBuildConfiguration;
			buildSettings = {
				ALWAYS_SEARCH_USER_PATHS = NO;
				CLANG_CXX_LANGUAGE_STANDARD = "gnu++0x";
				CLANG_CXX_LIBRARY = "libc++";
				CLANG_ENABLE_MODULES = YES;
				CLANG_ENABLE_OBJC_ARC = YES;
				CLANG_WARN_BOOL_CONVERSION = YES;
				CLANG_WARN_CONSTANT_CONVERSION = YES;
				CLANG_WARN_DIRECT_OBJC_ISA_USAGE = YES_ERROR;
				CLANG_WARN_EMPTY_BODY = YES;
				CLANG_WARN_ENUM_CONVERSION = YES;
				CLANG_WARN_INFINITE_RECURSION = YES;
				CLANG_WARN_INT_CONVERSION = YES;
				CLANG_WARN_OBJC_ROOT_CLASS = YES_ERROR;
				CLANG_WARN_SUSPICIOUS_MOVE = YES;
				CLANG_WARN_UNREACHABLE_CODE = YES;
				CLANG_WARN__DUPLICATE_METHOD_MATCH = YES;
				CODE_SIGN_IDENTITY = "-";
				COPY_PHASE_STRIP = NO;
				DEBUG_INFORMATION_FORMAT = dwarf;
				ENABLE_STRICT_OBJC_MSGSEND = YES;
				ENABLE_TESTABILITY = YES;
				GCC_C_LANGUAGE_STANDARD = gnu99;
				GCC_DYNAMIC_NO_PIC = NO;
				GCC_NO_COMMON_BLOCKS = YES;
				GCC_OPTIMIZATION_LEVEL = 0;
				GCC_PREPROCESSOR_DEFINITIONS = (
					"DEBUG=1",
					"$(inherited)",
				);
				GCC_WARN_64_TO_32_BIT_CONVERSION = YES;
				GCC_WARN_ABOUT_RETURN_TYPE = YES_ERROR;
				GCC_WARN_UNDECLARED_SELECTOR = YES;
				GCC_WARN_UNINITIALIZED_AUTOS = YES_AGGRESSIVE;
				GCC_WARN_UNUSED_FUNCTION = YES;
				GCC_WARN_UNUSED_VARIABLE = YES;
				MACOSX_DEPLOYMENT_TARGET = 10.11;
				MTL_ENABLE_DEBUG_INFO = YES;
				ONLY_ACTIVE_ARCH = YES;
				SDKROOT = macosx;
				SWIFT_OPTIMIZATION_LEVEL = "-Onone";
			};
			name = Debug;
		};
		324AAC881C476B8400C73EAC /* Release */ = {
			isa = XCBuildConfiguration;
			buildSettings = {
				ALWAYS_SEARCH_USER_PATHS = NO;
				CLANG_CXX_LANGUAGE_STANDARD = "gnu++0x";
				CLANG_CXX_LIBRARY = "libc++";
				CLANG_ENABLE_MODULES = YES;
				CLANG_ENABLE_OBJC_ARC = YES;
				CLANG_WARN_BOOL_CONVERSION = YES;
				CLANG_WARN_CONSTANT_CONVERSION = YES;
				CLANG_WARN_DIRECT_OBJC_ISA_USAGE = YES_ERROR;
				CLANG_WARN_EMPTY_BODY = YES;
				CLANG_WARN_ENUM_CONVERSION = YES;
				CLANG_WARN_INFINITE_RECURSION = YES;
				CLANG_WARN_INT_CONVERSION = YES;
				CLANG_WARN_OBJC_ROOT_CLASS = YES_ERROR;
				CLANG_WARN_SUSPICIOUS_MOVE = YES;
				CLANG_WARN_UNREACHABLE_CODE = YES;
				CLANG_WARN__DUPLICATE_METHOD_MATCH = YES;
				CODE_SIGN_IDENTITY = "-";
				COPY_PHASE_STRIP = NO;
				DEBUG_INFORMATION_FORMAT = "dwarf-with-dsym";
				ENABLE_NS_ASSERTIONS = NO;
				ENABLE_STRICT_OBJC_MSGSEND = YES;
				GCC_C_LANGUAGE_STANDARD = gnu99;
				GCC_NO_COMMON_BLOCKS = YES;
				GCC_WARN_64_TO_32_BIT_CONVERSION = YES;
				GCC_WARN_ABOUT_RETURN_TYPE = YES_ERROR;
				GCC_WARN_UNDECLARED_SELECTOR = YES;
				GCC_WARN_UNINITIALIZED_AUTOS = YES_AGGRESSIVE;
				GCC_WARN_UNUSED_FUNCTION = YES;
				GCC_WARN_UNUSED_VARIABLE = YES;
				MACOSX_DEPLOYMENT_TARGET = 10.11;
				MTL_ENABLE_DEBUG_INFO = NO;
				SDKROOT = macosx;
				SWIFT_OPTIMIZATION_LEVEL = "-Owholemodule";
			};
			name = Release;
		};
		324AAC8A1C476B8400C73EAC /* Debug */ = {
			isa = XCBuildConfiguration;
			buildSettings = {
				ASSETCATALOG_COMPILER_APPICON_NAME = AppIcon;
				COMBINE_HIDPI_IMAGES = YES;
				INFOPLIST_FILE = Asgard/Info.plist;
				LD_RUNPATH_SEARCH_PATHS = "$(inherited) @executable_path/../Frameworks";
				PRODUCT_BUNDLE_IDENTIFIER = com.CameronEhrlich.Asgard;
				PRODUCT_NAME = "$(TARGET_NAME)";
				SWIFT_VERSION = 3.0;
			};
			name = Debug;
		};
		324AAC8B1C476B8400C73EAC /* Release */ = {
			isa = XCBuildConfiguration;
			buildSettings = {
				ASSETCATALOG_COMPILER_APPICON_NAME = AppIcon;
				COMBINE_HIDPI_IMAGES = YES;
				INFOPLIST_FILE = Asgard/Info.plist;
				LD_RUNPATH_SEARCH_PATHS = "$(inherited) @executable_path/../Frameworks";
				PRODUCT_BUNDLE_IDENTIFIER = com.CameronEhrlich.Asgard;
				PRODUCT_NAME = "$(TARGET_NAME)";
				SWIFT_VERSION = 3.0;
			};
			name = Release;
		};
/* End XCBuildConfiguration section */

/* Begin XCConfigurationList section */
		324AAC751C476B8400C73EAC /* Build configuration list for PBXProject "Asgard" */ = {
			isa = XCConfigurationList;
			buildConfigurations = (
				324AAC871C476B8400C73EAC /* Debug */,
				324AAC881C476B8400C73EAC /* Release */,
			);
			defaultConfigurationIsVisible = 0;
			defaultConfigurationName = Release;
		};
		324AAC891C476B8400C73EAC /* Build configuration list for PBXNativeTarget "Asgard" */ = {
			isa = XCConfigurationList;
			buildConfigurations = (
				324AAC8A1C476B8400C73EAC /* Debug */,
				324AAC8B1C476B8400C73EAC /* Release */,
			);
			defaultConfigurationIsVisible = 0;
			defaultConfigurationName = Release;
		};
/* End XCConfigurationList section */
	};
	rootObject = 324AAC721C476B8400C73EAC /* Project object */;
}
